
Microsoft Visual Studio Solution File, Format Version 12.00
# Visual Studio Version 16
VisualStudioVersion = 16.0.30611.23
MinimumVisualStudioVersion = 10.0.40219.1
Project("{FAE04EC0-301F-11D3-BF4B-00C04F79EFBC}") = "HashingAssignment", "HashingAssignment\HashingAssignment.csproj", "{505F600A-DD8E-482A-A99C-4A36B26D2F7B}"
EndProject
Global
	GlobalSection(SolutionConfigurationPlatforms) = preSolution
		Debug|Any CPU = Debug|Any CPU
		Release|Any CPU = Release|Any CPU
	EndGlobalSection
	GlobalSection(ProjectConfigurationPlatforms) = postSolution
		{505F600A-DD8E-482A-A99C-4A36B26D2F7B}.Debug|Any CPU.ActiveCfg = Debug|Any CPU
		{505F600A-DD8E-482A-A99C-4A36B26D2F7B}.Debug|Any CPU.Build.0 = Debug|Any CPU
		{505F600A-DD8E-482A-A99C-4A36B26D2F7B}.Release|Any CPU.ActiveCfg = Release|Any CPU
		{505F600A-DD8E-482A-A99C-4A36B26D2F7B}.Release|Any CPU.Build.0 = Release|Any CPU
	EndGlobalSection
	GlobalSection(SolutionProperties) = preSolution
		HideSolutionNode = FALSE
	EndGlobalSection
	GlobalSection(ExtensibilityGlobals) = postSolution
		SolutionGuid = {15D01FE9-56F8-4115-9125-1B1938A82678}
	EndGlobalSection
EndGlobal
